{
    "_readme": [
        "This file locks the dependencies of your project to a known state",
        "Read more about it at https://getcomposer.org/doc/01-basic-usage.md#composer-lock-the-lock-file",
        "This file is @generated automatically"
    ],
    "content-hash": "ea7ae68e2081041408c01b32d804a40b",
    "packages": [
        {
            "name": "nette/caching",
            "version": "dev-master",
            "source": {
                "type": "git",
                "url": "https://github.com/nette/caching.git",
                "reference": "ec293113dd15b9d004ec78b14f2e19955e79b6b2"
            },
            "dist": {
                "type": "zip",
                "url": "https://api.github.com/repos/nette/caching/zipball/ec293113dd15b9d004ec78b14f2e19955e79b6b2",
                "reference": "ec293113dd15b9d004ec78b14f2e19955e79b6b2",
                "shasum": ""
            },
            "require": {
                "nette/finder": "^2.3 || ~3.0.0",
                "nette/utils": "^2.4 || ~3.0.0",
                "php": ">=7.1"
            },
            "conflict": {
                "nette/nette": "<2.2"
            },
            "require-dev": {
                "latte/latte": "^2.4",
                "nette/di": "^2.4 || ~3.0.0",
                "nette/tester": "^2.0",
                "tracy/tracy": "^2.4"
            },
            "suggest": {
                "ext-pdo_sqlite": "to use SQLiteStorage or SQLiteJournal"
            },
            "type": "library",
            "extra": {
                "branch-alias": {
                    "dev-master": "3.0-dev"
                }
            },
            "autoload": {
                "classmap": [
                    "src/"
                ]
            },
            "notification-url": "https://packagist.org/downloads/",
            "license": [
                "BSD-3-Clause",
                "GPL-2.0",
                "GPL-3.0"
            ],
            "authors": [
                {
                    "name": "David Grudl",
                    "homepage": "https://davidgrudl.com"
                },
                {
                    "name": "Nette Community",
                    "homepage": "https://nette.org/contributors"
                }
            ],
            "description": "⏱ Nette Caching: library with easy-to-use API and many cache backends.",
            "homepage": "https://nette.org",
            "keywords": [
                "cache",
                "journal",
                "memcached",
                "nette",
                "sqlite"
            ],
            "time": "2018-03-21T14:34:38+00:00"
        },
        {
            "name": "nette/finder",
            "version": "dev-master",
            "source": {
                "type": "git",
                "url": "https://github.com/nette/finder.git",
                "reference": "d94017ad6aa087765de33b7f8ce2ac6cdca576db"
            },
            "dist": {
                "type": "zip",
                "url": "https://api.github.com/repos/nette/finder/zipball/d94017ad6aa087765de33b7f8ce2ac6cdca576db",
                "reference": "d94017ad6aa087765de33b7f8ce2ac6cdca576db",
                "shasum": ""
            },
            "require": {
                "nette/utils": "^2.4 || ~3.0.0",
                "php": ">=7.0"
            },
            "conflict": {
                "nette/nette": "<2.2"
            },
            "require-dev": {
                "nette/tester": "^2.0",
                "tracy/tracy": "^2.3"
            },
            "type": "library",
            "extra": {
                "branch-alias": {
                    "dev-master": "3.0-dev"
                }
            },
            "autoload": {
                "classmap": [
                    "src/"
                ]
            },
            "notification-url": "https://packagist.org/downloads/",
            "license": [
                "BSD-3-Clause",
                "GPL-2.0",
                "GPL-3.0"
            ],
            "authors": [
                {
                    "name": "David Grudl",
                    "homepage": "https://davidgrudl.com"
                },
                {
                    "name": "Nette Community",
                    "homepage": "https://nette.org/contributors"
                }
            ],
            "description": "🔍 Nette Finder: find files and directories with an intuitive API.",
            "homepage": "https://nette.org",
            "keywords": [
                "filesystem",
                "glob",
                "iterator",
                "nette"
            ],
            "time": "2018-03-20T23:06:28+00:00"
        },
        {
            "name": "nette/utils",
            "version": "dev-master",
            "source": {
                "type": "git",
                "url": "https://github.com/nette/utils.git",
                "reference": "8bc32a1d6cc4614611a0ec257865275ed1b5036d"
            },
            "dist": {
                "type": "zip",
                "url": "https://api.github.com/repos/nette/utils/zipball/8bc32a1d6cc4614611a0ec257865275ed1b5036d",
                "reference": "8bc32a1d6cc4614611a0ec257865275ed1b5036d",
                "shasum": ""
            },
            "require": {
                "php": ">=7.1"
            },
            "conflict": {
                "nette/nette": "<2.2"
            },
            "require-dev": {
                "nette/tester": "~2.0",
                "tracy/tracy": "^2.3"
            },
            "suggest": {
                "ext-gd": "to use Image",
                "ext-iconv": "to use Strings::webalize() and toAscii()",
                "ext-intl": "to use Strings::webalize(), toAscii(), normalize() and compare()",
                "ext-json": "to use Nette\\Utils\\Json",
                "ext-mbstring": "to use Strings::lower() etc...",
                "ext-xml": "to use Strings::length() etc. when mbstring is not available"
            },
            "type": "library",
            "extra": {
                "branch-alias": {
                    "dev-master": "3.0-dev"
                }
            },
            "autoload": {
                "classmap": [
                    "src/"
                ]
            },
            "notification-url": "https://packagist.org/downloads/",
            "license": [
                "BSD-3-Clause",
                "GPL-2.0",
                "GPL-3.0"
            ],
            "authors": [
                {
                    "name": "David Grudl",
                    "homepage": "https://davidgrudl.com"
                },
                {
                    "name": "Nette Community",
                    "homepage": "https://nette.org/contributors"
                }
            ],
            "description": "🛠 Nette Utils: lightweight utilities for string & array manipulation, image handling, safe JSON encoding/decoding, validation, slug or strong password generating etc.",
            "homepage": "https://nette.org",
            "keywords": [
                "array",
                "core",
                "datetime",
                "images",
                "json",
                "nette",
                "paginator",
                "password",
                "slugify",
                "string",
                "unicode",
                "utf-8",
                "utility",
                "validation"
            ],
            "time": "2018-04-04T07:15:25+00:00"
        }
    ],
    "packages-dev": [],
    "aliases": [],
    "minimum-stability": "dev",
    "stability-flags": {
        "nette/caching": 20
    },
    "prefer-stable": false,
    "prefer-lowest": false,
    "platform": [],
    "platform-dev": []
}
